# This file is automatically @generated by Poetry 2.1.1 and should not be changed by hand.

[[package]]
name = "compact-json"
version = "1.8.1"
description = "A JSON formatter that produces compact but human-readable"
optional = false
python-versions = "<4.0,>=3.9"
groups = ["main"]
files = [
    {file = "compact_json-1.8.1-py3-none-any.whl", hash = "sha256:1232321c1eb65d48a341265cd289996c02fe4ce213ffc4cfe948c3faf985ea0a"},
    {file = "compact_json-1.8.1.tar.gz", hash = "sha256:1dfcd53a05e27725fd73d694028c6d9a4b5e7fe8586d0980d0f7d5b5672ee144"},
]

[package.dependencies]
importlib-resources = ">=6.1"
setuptools = ">=69.0.3"
wcwidth = ">0.2.8"

[[package]]
name = "cramjam"
version = "2.9.1"
description = "Thin Python bindings to de/compression algorithms in Rust"
optional = false
python-versions = ">=3.8"
groups = ["main"]
files = [
    {file = "cramjam-2.9.1-cp310-cp310-macosx_10_12_x86_64.whl", hash = "sha256:8e82464d1e00fbbb12958999b8471ba5e9f3d9711954505a0a7b378762332e6f"},
    {file = "cramjam-2.9.1-cp310-cp310-macosx_11_0_arm64.whl", hash = "sha256:6d2df8a6511cc08ef1fccd2e0c65e2ebc9f57574ec8376052a76851af5398810"},
    {file = "cramjam-2.9.1-cp310-cp310-manylinux_2_12_i686.manylinux2010_i686.whl", hash = "sha256:21ea784e6c3f1843d3523ae0f03651dd06058b39eeb64beb82ee3b100fa83662"},
    {file = "cramjam-2.9.1-cp310-cp310-manylinux_2_17_aarch64.manylinux2014_aarch64.whl", hash = "sha256:8e0c5d98a4e791f0bbd0ffcb7dae879baeb2dcc357348a8dc2be0a8c10403a2a"},
    {file = "cramjam-2.9.1-cp310-cp310-manylinux_2_17_armv7l.manylinux2014_armv7l.whl", hash = "sha256:e076fd87089197cb61117c63dbe7712ad5eccb93968860eb3bae09b767bac813"},
    {file = "cramjam-2.9.1-cp310-cp310-manylinux_2_17_ppc64le.manylinux2014_ppc64le.whl", hash = "sha256:6d86b44933aea0151e4a2e1e6935448499849045c38167d288ca4c59d5b8cd4e"},
    {file = "cramjam-2.9.1-cp310-cp310-manylinux_2_17_s390x.manylinux2014_s390x.whl", hash = "sha256:7eb032549dec897b942ddcf80c1cdccbcb40629f15fc902731dbe6362da49326"},
    {file = "cramjam-2.9.1-cp310-cp310-manylinux_2_17_x86_64.manylinux2014_x86_64.whl", hash = "sha256:cf29b4def86ec503e329fe138842a9b79a997e3beb6c7809b05665a0d291edff"},
    {file = "cramjam-2.9.1-cp310-cp310-musllinux_1_1_aarch64.whl", hash = "sha256:a36adf7d13b7accfa206e1c917f08924eb905b45aa8e62176509afa7b14db71e"},
    {file = "cramjam-2.9.1-cp310-cp310-musllinux_1_1_armv7l.whl", hash = "sha256:cf4ea758d98b6fad1b4b2d808d0de690d3162ac56c26968aea0af6524e3eb736"},
    {file = "cramjam-2.9.1-cp310-cp310-musllinux_1_1_i686.whl", hash = "sha256:4826d6d81ea490fa7a3ae7a4b9729866a945ffac1f77fe57b71e49d6e1b21efd"},
    {file = "cramjam-2.9.1-cp310-cp310-musllinux_1_1_x86_64.whl", hash = "sha256:335103317475bf992953c58838152a4761fc3c87354000edbfc4d7e57cf05909"},
    {file = "cramjam-2.9.1-cp310-cp310-win32.whl", hash = "sha256:258120cb1e3afc3443f756f9de161ed63eed56a2c31f6093e81c571c0f2dc9f6"},
    {file = "cramjam-2.9.1-cp310-cp310-win_amd64.whl", hash = "sha256:c60e5996aa02547d12bc2740d44e90e006b0f93100f53206f7abe6732ad56e69"},
    {file = "cramjam-2.9.1-cp311-cp311-macosx_10_12_x86_64.whl", hash = "sha256:b9db1debe48060e41a5b91af9193c524e473c57f6105462c5524a41f5aabdb88"},
    {file = "cramjam-2.9.1-cp311-cp311-macosx_11_0_arm64.whl", hash = "sha256:f6f18f0242212d3409d26ce3874937b5b979cebd61f08b633a6ea893c32fc7b6"},
    {file = "cramjam-2.9.1-cp311-cp311-manylinux_2_12_i686.manylinux2010_i686.whl", hash = "sha256:b5b1cd7d39242b2b903cf09cd4696b3a6e04dc537ffa9f3ac8668edae76eecb6"},
    {file = "cramjam-2.9.1-cp311-cp311-manylinux_2_17_aarch64.manylinux2014_aarch64.whl", hash = "sha256:a47de0a68f5f4d9951250ef5af31f2a7228132caa9ed60994234f7eb98090d33"},
    {file = "cramjam-2.9.1-cp311-cp311-manylinux_2_17_armv7l.manylinux2014_armv7l.whl", hash = "sha256:e13c9a697881e5e38148958612dc6856967f5ff8cd7bba5ff751f2d6ac020aa4"},
    {file = "cramjam-2.9.1-cp311-cp311-manylinux_2_17_ppc64le.manylinux2014_ppc64le.whl", hash = "sha256:ba560244bc1335b420b74e91e35f9d4e7f307a3be3a4603ce0f0d7e15a0acdf0"},
    {file = "cramjam-2.9.1-cp311-cp311-manylinux_2_17_s390x.manylinux2014_s390x.whl", hash = "sha256:8d47fd41ce260cf4f0ff0e788de961fab9e9c6844a05ce55d06ce31e06107bdc"},
    {file = "cramjam-2.9.1-cp311-cp311-manylinux_2_17_x86_64.manylinux2014_x86_64.whl", hash = "sha256:84d154fbadece82935396eb6bcb502085d944d2fd13b07a94348364344370c2c"},
    {file = "cramjam-2.9.1-cp311-cp311-musllinux_1_1_aarch64.whl", hash = "sha256:038df668ffb94d64d67b6ecc59cbd206745a425ffc0402897dde12d89fa6a870"},
    {file = "cramjam-2.9.1-cp311-cp311-musllinux_1_1_armv7l.whl", hash = "sha256:4125d8cd86fa08495d310e80926c2f0563f157b76862e7479f9b2cf94823ea0c"},
    {file = "cramjam-2.9.1-cp311-cp311-musllinux_1_1_i686.whl", hash = "sha256:4206ebdd1d1ef0f3f86c8c2f7c426aa4af6094f4f41e274601fd4c4569f37454"},
    {file = "cramjam-2.9.1-cp311-cp311-musllinux_1_1_x86_64.whl", hash = "sha256:ab687bef5c493732b9a4ab870542ee43f5eae0025f9c684c7cb399c3a85cb380"},
    {file = "cramjam-2.9.1-cp311-cp311-win32.whl", hash = "sha256:dda7698b6d7caeae1047adafebc4b43b2a82478234f6c2b45bc3edad854e0600"},
    {file = "cramjam-2.9.1-cp311-cp311-win_amd64.whl", hash = "sha256:872b00ff83e84bcbdc7e951af291ebe65eed20b09c47e7c4af21c312f90b796f"},
    {file = "cramjam-2.9.1-cp312-cp312-macosx_10_12_x86_64.whl", hash = "sha256:79417957972553502b217a0093532e48893c8b4ca30ccc941cefe9c72379df7c"},
    {file = "cramjam-2.9.1-cp312-cp312-macosx_11_0_arm64.whl", hash = "sha256:ce2b94117f373defc876f88e74e44049a9969223dbca3240415b71752d0422fb"},
    {file = "cramjam-2.9.1-cp312-cp312-manylinux_2_12_i686.manylinux2010_i686.whl", hash = "sha256:67040e0fd84404885ec716a806bee6110f9960c3647e0ef1670aab3b7375a70a"},
    {file = "cramjam-2.9.1-cp312-cp312-manylinux_2_17_aarch64.manylinux2014_aarch64.whl", hash = "sha256:0bedb84e068b53c944bd08dcb501fd00d67daa8a917922356dd559b484ce7eab"},
    {file = "cramjam-2.9.1-cp312-cp312-manylinux_2_17_armv7l.manylinux2014_armv7l.whl", hash = "sha256:06e3f97a379386d97debf08638a78b3d3850fdf6124755eb270b54905a169930"},
    {file = "cramjam-2.9.1-cp312-cp312-manylinux_2_17_ppc64le.manylinux2014_ppc64le.whl", hash = "sha256:11118675e9c7952ececabc62f023290ee4f8ecf0bee0d2c7eb8d1c402ee9769d"},
    {file = "cramjam-2.9.1-cp312-cp312-manylinux_2_17_s390x.manylinux2014_s390x.whl", hash = "sha256:6b7de6b61b11545570e4d6033713f3599525efc615ee353a822be8f6b0c65b77"},
    {file = "cramjam-2.9.1-cp312-cp312-manylinux_2_17_x86_64.manylinux2014_x86_64.whl", hash = "sha256:57ca8f3775324a9de3ee6f05ca172687ba258c0dea79f7e3a6b4112834982f2a"},
    {file = "cramjam-2.9.1-cp312-cp312-musllinux_1_1_aarch64.whl", hash = "sha256:9847dd6f288f1c56359f52acb48ff2df848ff3e3bff34d23855bbcf7016427cc"},
    {file = "cramjam-2.9.1-cp312-cp312-musllinux_1_1_armv7l.whl", hash = "sha256:8d1248dfa7f151e893ce819670f00879e4b7650b8d4c01279ce4f12140d68dd2"},
    {file = "cramjam-2.9.1-cp312-cp312-musllinux_1_1_i686.whl", hash = "sha256:9da6d970281083bae91b914362de325414aa03c01fc806f6bb2cc006322ec834"},
    {file = "cramjam-2.9.1-cp312-cp312-musllinux_1_1_x86_64.whl", hash = "sha256:1c33bc095db5733c841a102b8693062be5db8cdac17b9782ebc00577c6a94480"},
    {file = "cramjam-2.9.1-cp312-cp312-win32.whl", hash = "sha256:9e9193cd4bb57e7acd3af24891526299244bfed88168945efdaa09af4e50720f"},
    {file = "cramjam-2.9.1-cp312-cp312-win_amd64.whl", hash = "sha256:15955dd75e80f66c1ea271167a5347661d9bdc365f894a57698c383c9b7d465c"},
    {file = "cramjam-2.9.1-cp313-cp313-macosx_10_12_x86_64.whl", hash = "sha256:5a7797a2fff994fc5e323f7a967a35a3e37e3006ed21d64dcded086502f482af"},
    {file = "cramjam-2.9.1-cp313-cp313-macosx_11_0_arm64.whl", hash = "sha256:d51b9b140b1df39a44bff7896d98a10da345b7d5f5ce92368d328c1c2c829167"},
    {file = "cramjam-2.9.1-cp313-cp313-manylinux_2_12_i686.manylinux2010_i686.whl", hash = "sha256:07ac76b7f992556e7aa910244be11ece578cdf84f4d5d5297461f9a895e18312"},
    {file = "cramjam-2.9.1-cp313-cp313-manylinux_2_17_aarch64.manylinux2014_aarch64.whl", hash = "sha256:d90a72608c7550cd7eba914668f6277bfb0b24f074d1f1bd9d061fcb6f2adbd6"},
    {file = "cramjam-2.9.1-cp313-cp313-manylinux_2_17_armv7l.manylinux2014_armv7l.whl", hash = "sha256:56495975401b1821dbe1f29cf222e23556232209a2fdb809fe8156d120ca9c7f"},
    {file = "cramjam-2.9.1-cp313-cp313-manylinux_2_17_ppc64le.manylinux2014_ppc64le.whl", hash = "sha256:3b695259e71fde6d5be66b77a4474523ced9ffe9fe8a34cb9b520ec1241a14d3"},
    {file = "cramjam-2.9.1-cp313-cp313-manylinux_2_17_s390x.manylinux2014_s390x.whl", hash = "sha256:ab1e69dc4831bbb79b6d547077aae89074c83e8ad94eba1a3d80e94d2424fd02"},
    {file = "cramjam-2.9.1-cp313-cp313-manylinux_2_17_x86_64.manylinux2014_x86_64.whl", hash = "sha256:440b489902bfb7a26d3fec1ca888007615336ff763d2a32a2fc40586548a0dbf"},
    {file = "cramjam-2.9.1-cp313-cp313-musllinux_1_1_aarch64.whl", hash = "sha256:217fe22b41f8c3dce03852f828b059abfad11d1344a1df2f43d3eb8634b18d75"},
    {file = "cramjam-2.9.1-cp313-cp313-musllinux_1_1_armv7l.whl", hash = "sha256:95f3646ddc98af25af25d5692ae65966488a283813336ea9cf41b22e542e7c0d"},
    {file = "cramjam-2.9.1-cp313-cp313-musllinux_1_1_i686.whl", hash = "sha256:6b19fc60ead1cae9795a5b359599da3a1c95d38f869bdfb51c441fd76b04e926"},
    {file = "cramjam-2.9.1-cp313-cp313-musllinux_1_1_x86_64.whl", hash = "sha256:8dc5207567459d049696f62a1fdfb220f3fe6aa0d722285d44753e12504dac6c"},
    {file = "cramjam-2.9.1-cp313-cp313-win32.whl", hash = "sha256:fbfe35929a61b914de9e5dbacde0cfbba86cbf5122f9285a24c14ed0b645490b"},
    {file = "cramjam-2.9.1-cp313-cp313-win_amd64.whl", hash = "sha256:06068bd191a82ad4fc1ac23d6f8627fb5e37ec4be0431711b9a2dbacaccfeddb"},
    {file = "cramjam-2.9.1-cp38-cp38-macosx_10_12_x86_64.whl", hash = "sha256:6a2ca4d3c683d28d3217821029eb08d3487d5043d7eb455df11ff3cacfd4c916"},
    {file = "cramjam-2.9.1-cp38-cp38-macosx_11_0_arm64.whl", hash = "sha256:008b49b455b396acc5459dfb06fb9d56049c4097ee8e590892a4d3da9a711da3"},
    {file = "cramjam-2.9.1-cp38-cp38-manylinux_2_12_i686.manylinux2010_i686.whl", hash = "sha256:45c18cc13156e8697a8d3f9e57e49a69b00e14a103196efab0893fae1a5257f8"},
    {file = "cramjam-2.9.1-cp38-cp38-manylinux_2_17_aarch64.manylinux2014_aarch64.whl", hash = "sha256:d14a0efb21e0fec0631bcd66040b06e6a0fe10825f3aacffded38c1c978bdff9"},
    {file = "cramjam-2.9.1-cp38-cp38-manylinux_2_17_armv7l.manylinux2014_armv7l.whl", hash = "sha256:3f815fb0eba625af45139af4f90f5fc2ddda61b171c2cc3ab63d44b40c5c7768"},
    {file = "cramjam-2.9.1-cp38-cp38-manylinux_2_17_ppc64le.manylinux2014_ppc64le.whl", hash = "sha256:04828cbfad7384f06a4a7d0d927c3e85ef11dc5a40b9cf5f3e29ac4e23ecd678"},
    {file = "cramjam-2.9.1-cp38-cp38-manylinux_2_17_s390x.manylinux2014_s390x.whl", hash = "sha256:b0944a7c3a78f940c06d1b29bdce91a17798d80593dd01ebfeb842761e48a8b5"},
    {file = "cramjam-2.9.1-cp38-cp38-manylinux_2_17_x86_64.manylinux2014_x86_64.whl", hash = "sha256:ec769e5b16251704502277a1163dcf2611551452d7590ff4cc422b7b0367fc96"},
    {file = "cramjam-2.9.1-cp38-cp38-musllinux_1_1_aarch64.whl", hash = "sha256:3ba79c7d2cc5adb897b690c05dd9b67c4d401736d207314b99315f7be3cd94fd"},
    {file = "cramjam-2.9.1-cp38-cp38-musllinux_1_1_armv7l.whl", hash = "sha256:d35923fb5411bde30b53c0696dff8e24c8a38b010b89544834c53f4462fd71df"},
    {file = "cramjam-2.9.1-cp38-cp38-musllinux_1_1_i686.whl", hash = "sha256:da0cc0efdbfb8ee2361f89f38ded03d11678f37e392afff7a97b09c55dadfc83"},
    {file = "cramjam-2.9.1-cp38-cp38-musllinux_1_1_x86_64.whl", hash = "sha256:f89924858712b8b936f04f3d690e72825a3e5127a140b434c79030c1c5a887ce"},
    {file = "cramjam-2.9.1-cp38-cp38-win32.whl", hash = "sha256:5925a738b8478f223ab9756fc794e3cabd5917fd7846f66adcf1d5fc2bf9864c"},
    {file = "cramjam-2.9.1-cp38-cp38-win_amd64.whl", hash = "sha256:b7ac273498a2c6772d67707e101b74014c0d9413bb4711c51d8ec311de59b4b1"},
    {file = "cramjam-2.9.1-cp39-cp39-macosx_10_12_x86_64.whl", hash = "sha256:af39006faddfc6253beb93ca821d544931cfee7f0177b99ff106dfd8fd6a2cd8"},
    {file = "cramjam-2.9.1-cp39-cp39-macosx_11_0_arm64.whl", hash = "sha256:b3291be0d3f73d5774d69013be4ab33978c777363b5312d14f62f77817c2f75a"},
    {file = "cramjam-2.9.1-cp39-cp39-manylinux_2_12_i686.manylinux2010_i686.whl", hash = "sha256:1539fd758f0e57fad7913cebff8baaee871bb561ddf6fa710a427b74da6b6778"},
    {file = "cramjam-2.9.1-cp39-cp39-manylinux_2_17_aarch64.manylinux2014_aarch64.whl", hash = "sha256:ff362f68bd68ac0eccb445209238d589bba728fb6d7f2e9dc199e0ec3a61d6e0"},
    {file = "cramjam-2.9.1-cp39-cp39-manylinux_2_17_armv7l.manylinux2014_armv7l.whl", hash = "sha256:23b9786d1d17686fb8d600ade2a19374c7188d4b8867efa9af0d8274a220aec7"},
    {file = "cramjam-2.9.1-cp39-cp39-manylinux_2_17_ppc64le.manylinux2014_ppc64le.whl", hash = "sha256:8bc9c2c748aaf91863d89c4583f529c1c709485c94f8dfeb3ee48662d88e3258"},
    {file = "cramjam-2.9.1-cp39-cp39-manylinux_2_17_s390x.manylinux2014_s390x.whl", hash = "sha256:fd0fa9a0e7f18224b6d2d1d69dbdc3aecec80ef1393c59244159b131604a4395"},
    {file = "cramjam-2.9.1-cp39-cp39-manylinux_2_17_x86_64.manylinux2014_x86_64.whl", hash = "sha256:2ceef6e09ee22457997370882aa3c69de01e6dd0aaa2f953e1e87ad11641d042"},
    {file = "cramjam-2.9.1-cp39-cp39-musllinux_1_1_aarch64.whl", hash = "sha256:1376f6fdbf0b30712413a0b4e51663a4938ae2f6b449f8e4635dbb3694db83cf"},
    {file = "cramjam-2.9.1-cp39-cp39-musllinux_1_1_armv7l.whl", hash = "sha256:342fb946f8d3e9e35b837288b03ab23cfbe0bb5a30e582ed805ef79706823a96"},
    {file = "cramjam-2.9.1-cp39-cp39-musllinux_1_1_i686.whl", hash = "sha256:a237064a6e2c2256c9a1cf2beb7c971382190c0f1eb2e810e02e971881756132"},
    {file = "cramjam-2.9.1-cp39-cp39-musllinux_1_1_x86_64.whl", hash = "sha256:53145fc9f2319c1245d4329e1da8cfacd6e35e27090c07c0b9d453ae2bbdac3e"},
    {file = "cramjam-2.9.1-cp39-cp39-win32.whl", hash = "sha256:8a9f52c27292c21457f43c4ce124939302a9acfb62295e7cda8667310563a5a3"},
    {file = "cramjam-2.9.1-cp39-cp39-win_amd64.whl", hash = "sha256:8097ee39b61c86848a443c0b25b2df1de6b331fd512b20836a4f5cfde51ab255"},
    {file = "cramjam-2.9.1-pp310-pypy310_pp73-macosx_10_12_x86_64.whl", hash = "sha256:86824c695688fcd06c5ac9bbd3fea9bdfb4cca194b1e706fbf11a629df48d2b4"},
    {file = "cramjam-2.9.1-pp310-pypy310_pp73-macosx_11_0_arm64.whl", hash = "sha256:27571bfa5a5d618604696747d0dc1d2a99b5906c967c8dee53c13a7107edfde6"},
    {file = "cramjam-2.9.1-pp310-pypy310_pp73-manylinux_2_17_aarch64.manylinux2014_aarch64.whl", hash = "sha256:fb01f6e38719818778144d3165a89ea1ad9dc58c6342b7f20aa194c70f34cbd1"},
    {file = "cramjam-2.9.1-pp310-pypy310_pp73-manylinux_2_17_x86_64.manylinux2014_x86_64.whl", hash = "sha256:6b5cef5cf40725fe64592af9ec163e7389855077700678a1d94bec549403a74d"},
    {file = "cramjam-2.9.1-pp310-pypy310_pp73-win_amd64.whl", hash = "sha256:ac48b978aa0675f62b642750e798c394a64d25ce852e4e541f69bef9a564c2f0"},
    {file = "cramjam-2.9.1.tar.gz", hash = "sha256:336cc591d86cbd225d256813779f46624f857bc9c779db126271eff9ddc524ae"},
]

[package.extras]
dev = ["black (==22.3.0)", "hypothesis", "numpy", "pytest (>=5.30)", "pytest-benchmark", "pytest-xdist"]

[[package]]
name = "enum-tools"
version = "0.12.0"
description = "Tools to expand Python's enum module."
optional = false
python-versions = ">=3.6"
groups = ["main"]
files = [
    {file = "enum_tools-0.12.0-py3-none-any.whl", hash = "sha256:d69b019f193c7b850b17d9ce18440db7ed62381571409af80ccc08c5218b340a"},
    {file = "enum_tools-0.12.0.tar.gz", hash = "sha256:13ceb9376a4c5f574a1e7c5f9c8eb7f3d3fbfbb361cc18a738df1a58dfefd460"},
]

[package.dependencies]
pygments = ">=2.6.1"
typing-extensions = ">=3.7.4.3"

[package.extras]
all = ["sphinx (>=3.4.0)", "sphinx-jinja2-compat (>=0.1.1)", "sphinx-toolbox (>=2.16.0)"]
sphinx = ["sphinx (>=3.4.0)", "sphinx-jinja2-compat (>=0.1.1)", "sphinx-toolbox (>=2.16.0)"]

[[package]]
name = "importlib-resources"
version = "6.5.2"
description = "Read resources from Python packages"
optional = false
python-versions = ">=3.9"
groups = ["main"]
files = [
    {file = "importlib_resources-6.5.2-py3-none-any.whl", hash = "sha256:789cfdc3ed28c78b67a06acb8126751ced69a3d5f79c095a98298cd8a760ccec"},
    {file = "importlib_resources-6.5.2.tar.gz", hash = "sha256:185f87adef5bcc288449d98fb4fba07cea78bc036455dd44c5fc4a2fe78fed2c"},
]

[package.extras]
check = ["pytest-checkdocs (>=2.4)", "pytest-ruff (>=0.2.1) ; sys_platform != \"cygwin\""]
cover = ["pytest-cov"]
doc = ["furo", "jaraco.packaging (>=9.3)", "jaraco.tidelift (>=1.4)", "rst.linker (>=1.9)", "sphinx (>=3.5)", "sphinx-lint"]
enabler = ["pytest-enabler (>=2.2)"]
test = ["jaraco.test (>=5.4)", "pytest (>=6,!=8.1.*)", "zipp (>=3.17)"]
type = ["pytest-mypy"]

[[package]]
name = "mypy"
version = "1.16.1"
description = "Optional static typing for Python"
optional = false
python-versions = ">=3.9"
groups = ["dev"]
files = [
    {file = "mypy-1.16.1-cp310-cp310-macosx_10_9_x86_64.whl", hash = "sha256:b4f0fed1022a63c6fec38f28b7fc77fca47fd490445c69d0a66266c59dd0b88a"},
    {file = "mypy-1.16.1-cp310-cp310-macosx_11_0_arm64.whl", hash = "sha256:86042bbf9f5a05ea000d3203cf87aa9d0ccf9a01f73f71c58979eb9249f46d72"},
    {file = "mypy-1.16.1-cp310-cp310-manylinux_2_17_aarch64.manylinux2014_aarch64.manylinux_2_28_aarch64.whl", hash = "sha256:ea7469ee5902c95542bea7ee545f7006508c65c8c54b06dc2c92676ce526f3ea"},
    {file = "mypy-1.16.1-cp310-cp310-manylinux_2_17_x86_64.manylinux2014_x86_64.manylinux_2_28_x86_64.whl", hash = "sha256:352025753ef6a83cb9e7f2427319bb7875d1fdda8439d1e23de12ab164179574"},
    {file = "mypy-1.16.1-cp310-cp310-musllinux_1_2_x86_64.whl", hash = "sha256:ff9fa5b16e4c1364eb89a4d16bcda9987f05d39604e1e6c35378a2987c1aac2d"},
    {file = "mypy-1.16.1-cp310-cp310-win_amd64.whl", hash = "sha256:1256688e284632382f8f3b9e2123df7d279f603c561f099758e66dd6ed4e8bd6"},
    {file = "mypy-1.16.1-cp311-cp311-macosx_10_9_x86_64.whl", hash = "sha256:472e4e4c100062488ec643f6162dd0d5208e33e2f34544e1fc931372e806c0cc"},
    {file = "mypy-1.16.1-cp311-cp311-macosx_11_0_arm64.whl", hash = "sha256:ea16e2a7d2714277e349e24d19a782a663a34ed60864006e8585db08f8ad1782"},
    {file = "mypy-1.16.1-cp311-cp311-manylinux_2_17_aarch64.manylinux2014_aarch64.manylinux_2_28_aarch64.whl", hash = "sha256:08e850ea22adc4d8a4014651575567b0318ede51e8e9fe7a68f25391af699507"},
    {file = "mypy-1.16.1-cp311-cp311-manylinux_2_17_x86_64.manylinux2014_x86_64.manylinux_2_28_x86_64.whl", hash = "sha256:22d76a63a42619bfb90122889b903519149879ddbf2ba4251834727944c8baca"},
    {file = "mypy-1.16.1-cp311-cp311-musllinux_1_2_x86_64.whl", hash = "sha256:2c7ce0662b6b9dc8f4ed86eb7a5d505ee3298c04b40ec13b30e572c0e5ae17c4"},
    {file = "mypy-1.16.1-cp311-cp311-win_amd64.whl", hash = "sha256:211287e98e05352a2e1d4e8759c5490925a7c784ddc84207f4714822f8cf99b6"},
    {file = "mypy-1.16.1-cp312-cp312-macosx_10_13_x86_64.whl", hash = "sha256:af4792433f09575d9eeca5c63d7d90ca4aeceda9d8355e136f80f8967639183d"},
    {file = "mypy-1.16.1-cp312-cp312-macosx_11_0_arm64.whl", hash = "sha256:66df38405fd8466ce3517eda1f6640611a0b8e70895e2a9462d1d4323c5eb4b9"},
    {file = "mypy-1.16.1-cp312-cp312-manylinux_2_17_aarch64.manylinux2014_aarch64.manylinux_2_28_aarch64.whl", hash = "sha256:44e7acddb3c48bd2713994d098729494117803616e116032af192871aed80b79"},
    {file = "mypy-1.16.1-cp312-cp312-manylinux_2_17_x86_64.manylinux2014_x86_64.manylinux_2_28_x86_64.whl", hash = "sha256:0ab5eca37b50188163fa7c1b73c685ac66c4e9bdee4a85c9adac0e91d8895e15"},
    {file = "mypy-1.16.1-cp312-cp312-musllinux_1_2_x86_64.whl", hash = "sha256:dedb6229b2c9086247e21a83c309754b9058b438704ad2f6807f0d8227f6ebdd"},
    {file = "mypy-1.16.1-cp312-cp312-win_amd64.whl", hash = "sha256:1f0435cf920e287ff68af3d10a118a73f212deb2ce087619eb4e648116d1fe9b"},
    {file = "mypy-1.16.1-cp313-cp313-macosx_10_13_x86_64.whl", hash = "sha256:ddc91eb318c8751c69ddb200a5937f1232ee8efb4e64e9f4bc475a33719de438"},
    {file = "mypy-1.16.1-cp313-cp313-macosx_11_0_arm64.whl", hash = "sha256:87ff2c13d58bdc4bbe7dc0dedfe622c0f04e2cb2a492269f3b418df2de05c536"},
    {file = "mypy-1.16.1-cp313-cp313-manylinux_2_17_aarch64.manylinux2014_aarch64.manylinux_2_28_aarch64.whl", hash = "sha256:0a7cfb0fe29fe5a9841b7c8ee6dffb52382c45acdf68f032145b75620acfbd6f"},
    {file = "mypy-1.16.1-cp313-cp313-manylinux_2_17_x86_64.manylinux2014_x86_64.manylinux_2_28_x86_64.whl", hash = "sha256:051e1677689c9d9578b9c7f4d206d763f9bbd95723cd1416fad50db49d52f359"},
    {file = "mypy-1.16.1-cp313-cp313-musllinux_1_2_x86_64.whl", hash = "sha256:d5d2309511cc56c021b4b4e462907c2b12f669b2dbeb68300110ec27723971be"},
    {file = "mypy-1.16.1-cp313-cp313-win_amd64.whl", hash = "sha256:4f58ac32771341e38a853c5d0ec0dfe27e18e27da9cdb8bbc882d2249c71a3ee"},
    {file = "mypy-1.16.1-cp39-cp39-macosx_10_9_x86_64.whl", hash = "sha256:7fc688329af6a287567f45cc1cefb9db662defeb14625213a5b7da6e692e2069"},
    {file = "mypy-1.16.1-cp39-cp39-macosx_11_0_arm64.whl", hash = "sha256:5e198ab3f55924c03ead626ff424cad1732d0d391478dfbf7bb97b34602395da"},
    {file = "mypy-1.16.1-cp39-cp39-manylinux_2_17_aarch64.manylinux2014_aarch64.manylinux_2_28_aarch64.whl", hash = "sha256:09aa4f91ada245f0a45dbc47e548fd94e0dd5a8433e0114917dc3b526912a30c"},
    {file = "mypy-1.16.1-cp39-cp39-manylinux_2_17_x86_64.manylinux2014_x86_64.manylinux_2_28_x86_64.whl", hash = "sha256:13c7cd5b1cb2909aa318a90fd1b7e31f17c50b242953e7dd58345b2a814f6383"},
    {file = "mypy-1.16.1-cp39-cp39-musllinux_1_2_x86_64.whl", hash = "sha256:58e07fb958bc5d752a280da0e890c538f1515b79a65757bbdc54252ba82e0b40"},
    {file = "mypy-1.16.1-cp39-cp39-win_amd64.whl", hash = "sha256:f895078594d918f93337a505f8add9bd654d1a24962b4c6ed9390e12531eb31b"},
    {file = "mypy-1.16.1-py3-none-any.whl", hash = "sha256:5fc2ac4027d0ef28d6ba69a0343737a23c4d1b83672bf38d1fe237bdc0643b37"},
    {file = "mypy-1.16.1.tar.gz", hash = "sha256:6bd00a0a2094841c5e47e7374bb42b83d64c527a502e3334e1173a0c24437bab"},
]

[package.dependencies]
mypy_extensions = ">=1.0.0"
pathspec = ">=0.9.0"
typing_extensions = ">=4.6.0"

[package.extras]
dmypy = ["psutil (>=4.0)"]
faster-cache = ["orjson"]
install-types = ["pip"]
mypyc = ["setuptools (>=50)"]
reports = ["lxml"]

[[package]]
name = "mypy-extensions"
version = "1.0.0"
description = "Type system extensions for programs checked with the mypy type checker."
optional = false
python-versions = ">=3.5"
groups = ["dev"]
files = [
    {file = "mypy_extensions-1.0.0-py3-none-any.whl", hash = "sha256:4392f6c0eb8a5668a69e23d168ffa70f0be9ccfd32b5cc2d26a34ae5b844552d"},
    {file = "mypy_extensions-1.0.0.tar.gz", hash = "sha256:75dbf8955dc00442a438fc4d0666508a9a97b6bd41aa2f0ffe9d2f2725af0782"},
]

[[package]]
name = "numbers-parser"
version = "4.15.1"
description = "Read and write Apple Numbers spreadsheets"
optional = false
python-versions = "<4.0,>=3.9"
groups = ["main"]
files = [
    {file = "numbers_parser-4.15.1-py3-none-any.whl", hash = "sha256:1adfd674f8c515659506ae4b3f4650f0db5d7eb41a5af6349a6a579813f11398"},
    {file = "numbers_parser-4.15.1.tar.gz", hash = "sha256:eab0741a7f09243e8266d11b78f40763aca71788be0fb686f6198d0c1d700baf"},
]

[package.dependencies]
compact-json = ">=1.1.3,<2.0.0"
enum-tools = ">=0.11"
importlib-resources = ">=6.1"
protobuf = ">=4.0,<6.0"
python-dateutil = ">=2.9.0.post0,<3.0.0"
python-snappy = ">=0.7,<0.8"
setuptools = ">=70.0.0"
sigfig = ">=1.3.3,<2.0.0"

[[package]]
name = "pathspec"
version = "0.12.1"
description = "Utility library for gitignore style pattern matching of file paths."
optional = false
python-versions = ">=3.8"
groups = ["dev"]
files = [
    {file = "pathspec-0.12.1-py3-none-any.whl", hash = "sha256:a0d503e138a4c123b27490a4f7beda6a01c6f288df0e4a8b79c7eb0dc7b4cc08"},
    {file = "pathspec-0.12.1.tar.gz", hash = "sha256:a482d51503a1ab33b1c67a6c3813a26953dbdc71c31dacaef9a838c4e29f5712"},
]

[[package]]
name = "pillow"
version = "11.2.1"
description = "Python Imaging Library (Fork)"
optional = false
python-versions = ">=3.9"
groups = ["main"]
files = [
    {file = "pillow-11.2.1-cp310-cp310-macosx_10_10_x86_64.whl", hash = "sha256:d57a75d53922fc20c165016a20d9c44f73305e67c351bbc60d1adaf662e74047"},
    {file = "pillow-11.2.1-cp310-cp310-macosx_11_0_arm64.whl", hash = "sha256:127bf6ac4a5b58b3d32fc8289656f77f80567d65660bc46f72c0d77e6600cc95"},
    {file = "pillow-11.2.1-cp310-cp310-manylinux_2_17_aarch64.manylinux2014_aarch64.whl", hash = "sha256:b4ba4be812c7a40280629e55ae0b14a0aafa150dd6451297562e1764808bbe61"},
    {file = "pillow-11.2.1-cp310-cp310-manylinux_2_17_x86_64.manylinux2014_x86_64.whl", hash = "sha256:c8bd62331e5032bc396a93609982a9ab6b411c05078a52f5fe3cc59234a3abd1"},
    {file = "pillow-11.2.1-cp310-cp310-manylinux_2_28_aarch64.whl", hash = "sha256:562d11134c97a62fe3af29581f083033179f7ff435f78392565a1ad2d1c2c45c"},
    {file = "pillow-11.2.1-cp310-cp310-manylinux_2_28_x86_64.whl", hash = "sha256:c97209e85b5be259994eb5b69ff50c5d20cca0f458ef9abd835e262d9d88b39d"},
    {file = "pillow-11.2.1-cp310-cp310-musllinux_1_2_aarch64.whl", hash = "sha256:0c3e6d0f59171dfa2e25d7116217543310908dfa2770aa64b8f87605f8cacc97"},
    {file = "pillow-11.2.1-cp310-cp310-musllinux_1_2_x86_64.whl", hash = "sha256:cc1c3bc53befb6096b84165956e886b1729634a799e9d6329a0c512ab651e579"},
    {file = "pillow-11.2.1-cp310-cp310-win32.whl", hash = "sha256:312c77b7f07ab2139924d2639860e084ec2a13e72af54d4f08ac843a5fc9c79d"},
    {file = "pillow-11.2.1-cp310-cp310-win_amd64.whl", hash = "sha256:9bc7ae48b8057a611e5fe9f853baa88093b9a76303937449397899385da06fad"},
    {file = "pillow-11.2.1-cp310-cp310-win_arm64.whl", hash = "sha256:2728567e249cdd939f6cc3d1f049595c66e4187f3c34078cbc0a7d21c47482d2"},
    {file = "pillow-11.2.1-cp311-cp311-macosx_10_10_x86_64.whl", hash = "sha256:35ca289f712ccfc699508c4658a1d14652e8033e9b69839edf83cbdd0ba39e70"},
    {file = "pillow-11.2.1-cp311-cp311-macosx_11_0_arm64.whl", hash = "sha256:e0409af9f829f87a2dfb7e259f78f317a5351f2045158be321fd135973fff7bf"},
    {file = "pillow-11.2.1-cp311-cp311-manylinux_2_17_aarch64.manylinux2014_aarch64.whl", hash = "sha256:d4e5c5edee874dce4f653dbe59db7c73a600119fbea8d31f53423586ee2aafd7"},
    {file = "pillow-11.2.1-cp311-cp311-manylinux_2_17_x86_64.manylinux2014_x86_64.whl", hash = "sha256:b93a07e76d13bff9444f1a029e0af2964e654bfc2e2c2d46bfd080df5ad5f3d8"},
    {file = "pillow-11.2.1-cp311-cp311-manylinux_2_28_aarch64.whl", hash = "sha256:e6def7eed9e7fa90fde255afaf08060dc4b343bbe524a8f69bdd2a2f0018f600"},
    {file = "pillow-11.2.1-cp311-cp311-manylinux_2_28_x86_64.whl", hash = "sha256:8f4f3724c068be008c08257207210c138d5f3731af6c155a81c2b09a9eb3a788"},
    {file = "pillow-11.2.1-cp311-cp311-musllinux_1_2_aarch64.whl", hash = "sha256:a0a6709b47019dff32e678bc12c63008311b82b9327613f534e496dacaefb71e"},
    {file = "pillow-11.2.1-cp311-cp311-musllinux_1_2_x86_64.whl", hash = "sha256:f6b0c664ccb879109ee3ca702a9272d877f4fcd21e5eb63c26422fd6e415365e"},
    {file = "pillow-11.2.1-cp311-cp311-win32.whl", hash = "sha256:cc5d875d56e49f112b6def6813c4e3d3036d269c008bf8aef72cd08d20ca6df6"},
    {file = "pillow-11.2.1-cp311-cp311-win_amd64.whl", hash = "sha256:0f5c7eda47bf8e3c8a283762cab94e496ba977a420868cb819159980b6709193"},
    {file = "pillow-11.2.1-cp311-cp311-win_arm64.whl", hash = "sha256:4d375eb838755f2528ac8cbc926c3e31cc49ca4ad0cf79cff48b20e30634a4a7"},
    {file = "pillow-11.2.1-cp312-cp312-macosx_10_13_x86_64.whl", hash = "sha256:78afba22027b4accef10dbd5eed84425930ba41b3ea0a86fa8d20baaf19d807f"},
    {file = "pillow-11.2.1-cp312-cp312-macosx_11_0_arm64.whl", hash = "sha256:78092232a4ab376a35d68c4e6d5e00dfd73454bd12b230420025fbe178ee3b0b"},
    {file = "pillow-11.2.1-cp312-cp312-manylinux_2_17_aarch64.manylinux2014_aarch64.whl", hash = "sha256:25a5f306095c6780c52e6bbb6109624b95c5b18e40aab1c3041da3e9e0cd3e2d"},
    {file = "pillow-11.2.1-cp312-cp312-manylinux_2_17_x86_64.manylinux2014_x86_64.whl", hash = "sha256:0c7b29dbd4281923a2bfe562acb734cee96bbb129e96e6972d315ed9f232bef4"},
    {file = "pillow-11.2.1-cp312-cp312-manylinux_2_28_aarch64.whl", hash = "sha256:3e645b020f3209a0181a418bffe7b4a93171eef6c4ef6cc20980b30bebf17b7d"},
    {file = "pillow-11.2.1-cp312-cp312-manylinux_2_28_x86_64.whl", hash = "sha256:b2dbea1012ccb784a65349f57bbc93730b96e85b42e9bf7b01ef40443db720b4"},
    {file = "pillow-11.2.1-cp312-cp312-musllinux_1_2_aarch64.whl", hash = "sha256:da3104c57bbd72948d75f6a9389e6727d2ab6333c3617f0a89d72d4940aa0443"},
    {file = "pillow-11.2.1-cp312-cp312-musllinux_1_2_x86_64.whl", hash = "sha256:598174aef4589af795f66f9caab87ba4ff860ce08cd5bb447c6fc553ffee603c"},
    {file = "pillow-11.2.1-cp312-cp312-win32.whl", hash = "sha256:1d535df14716e7f8776b9e7fee118576d65572b4aad3ed639be9e4fa88a1cad3"},
    {file = "pillow-11.2.1-cp312-cp312-win_amd64.whl", hash = "sha256:14e33b28bf17c7a38eede290f77db7c664e4eb01f7869e37fa98a5aa95978941"},
    {file = "pillow-11.2.1-cp312-cp312-win_arm64.whl", hash = "sha256:21e1470ac9e5739ff880c211fc3af01e3ae505859392bf65458c224d0bf283eb"},
    {file = "pillow-11.2.1-cp313-cp313-macosx_10_13_x86_64.whl", hash = "sha256:fdec757fea0b793056419bca3e9932eb2b0ceec90ef4813ea4c1e072c389eb28"},
    {file = "pillow-11.2.1-cp313-cp313-macosx_11_0_arm64.whl", hash = "sha256:b0e130705d568e2f43a17bcbe74d90958e8a16263868a12c3e0d9c8162690830"},
    {file = "pillow-11.2.1-cp313-cp313-manylinux_2_17_aarch64.manylinux2014_aarch64.whl", hash = "sha256:7bdb5e09068332578214cadd9c05e3d64d99e0e87591be22a324bdbc18925be0"},
    {file = "pillow-11.2.1-cp313-cp313-manylinux_2_17_x86_64.manylinux2014_x86_64.whl", hash = "sha256:d189ba1bebfbc0c0e529159631ec72bb9e9bc041f01ec6d3233d6d82eb823bc1"},
    {file = "pillow-11.2.1-cp313-cp313-manylinux_2_28_aarch64.whl", hash = "sha256:191955c55d8a712fab8934a42bfefbf99dd0b5875078240943f913bb66d46d9f"},
    {file = "pillow-11.2.1-cp313-cp313-manylinux_2_28_x86_64.whl", hash = "sha256:ad275964d52e2243430472fc5d2c2334b4fc3ff9c16cb0a19254e25efa03a155"},
    {file = "pillow-11.2.1-cp313-cp313-musllinux_1_2_aarch64.whl", hash = "sha256:750f96efe0597382660d8b53e90dd1dd44568a8edb51cb7f9d5d918b80d4de14"},
    {file = "pillow-11.2.1-cp313-cp313-musllinux_1_2_x86_64.whl", hash = "sha256:fe15238d3798788d00716637b3d4e7bb6bde18b26e5d08335a96e88564a36b6b"},
    {file = "pillow-11.2.1-cp313-cp313-win32.whl", hash = "sha256:3fe735ced9a607fee4f481423a9c36701a39719252a9bb251679635f99d0f7d2"},
    {file = "pillow-11.2.1-cp313-cp313-win_amd64.whl", hash = "sha256:74ee3d7ecb3f3c05459ba95eed5efa28d6092d751ce9bf20e3e253a4e497e691"},
    {file = "pillow-11.2.1-cp313-cp313-win_arm64.whl", hash = "sha256:5119225c622403afb4b44bad4c1ca6c1f98eed79db8d3bc6e4e160fc6339d66c"},
    {file = "pillow-11.2.1-cp313-cp313t-macosx_10_13_x86_64.whl", hash = "sha256:8ce2e8411c7aaef53e6bb29fe98f28cd4fbd9a1d9be2eeea434331aac0536b22"},
    {file = "pillow-11.2.1-cp313-cp313t-macosx_11_0_arm64.whl", hash = "sha256:9ee66787e095127116d91dea2143db65c7bb1e232f617aa5957c0d9d2a3f23a7"},
    {file = "pillow-11.2.1-cp313-cp313t-manylinux_2_17_aarch64.manylinux2014_aarch64.whl", hash = "sha256:9622e3b6c1d8b551b6e6f21873bdcc55762b4b2126633014cea1803368a9aa16"},
    {file = "pillow-11.2.1-cp313-cp313t-manylinux_2_17_x86_64.manylinux2014_x86_64.whl", hash = "sha256:63b5dff3a68f371ea06025a1a6966c9a1e1ee452fc8020c2cd0ea41b83e9037b"},
    {file = "pillow-11.2.1-cp313-cp313t-manylinux_2_28_aarch64.whl", hash = "sha256:31df6e2d3d8fc99f993fd253e97fae451a8db2e7207acf97859732273e108406"},
    {file = "pillow-11.2.1-cp313-cp313t-manylinux_2_28_x86_64.whl", hash = "sha256:062b7a42d672c45a70fa1f8b43d1d38ff76b63421cbbe7f88146b39e8a558d91"},
    {file = "pillow-11.2.1-cp313-cp313t-musllinux_1_2_aarch64.whl", hash = "sha256:4eb92eca2711ef8be42fd3f67533765d9fd043b8c80db204f16c8ea62ee1a751"},
    {file = "pillow-11.2.1-cp313-cp313t-musllinux_1_2_x86_64.whl", hash = "sha256:f91ebf30830a48c825590aede79376cb40f110b387c17ee9bd59932c961044f9"},
    {file = "pillow-11.2.1-cp313-cp313t-win32.whl", hash = "sha256:e0b55f27f584ed623221cfe995c912c61606be8513bfa0e07d2c674b4516d9dd"},
    {file = "pillow-11.2.1-cp313-cp313t-win_amd64.whl", hash = "sha256:36d6b82164c39ce5482f649b437382c0fb2395eabc1e2b1702a6deb8ad647d6e"},
    {file = "pillow-11.2.1-cp313-cp313t-win_arm64.whl", hash = "sha256:225c832a13326e34f212d2072982bb1adb210e0cc0b153e688743018c94a2681"},
    {file = "pillow-11.2.1-cp39-cp39-macosx_10_10_x86_64.whl", hash = "sha256:7491cf8a79b8eb867d419648fff2f83cb0b3891c8b36da92cc7f1931d46108c8"},
    {file = "pillow-11.2.1-cp39-cp39-macosx_11_0_arm64.whl", hash = "sha256:8b02d8f9cb83c52578a0b4beadba92e37d83a4ef11570a8688bbf43f4ca50909"},
    {file = "pillow-11.2.1-cp39-cp39-manylinux_2_17_aarch64.manylinux2014_aarch64.whl", hash = "sha256:014ca0050c85003620526b0ac1ac53f56fc93af128f7546623cc8e31875ab928"},
    {file = "pillow-11.2.1-cp39-cp39-manylinux_2_17_x86_64.manylinux2014_x86_64.whl", hash = "sha256:3692b68c87096ac6308296d96354eddd25f98740c9d2ab54e1549d6c8aea9d79"},
    {file = "pillow-11.2.1-cp39-cp39-manylinux_2_28_aarch64.whl", hash = "sha256:f781dcb0bc9929adc77bad571b8621ecb1e4cdef86e940fe2e5b5ee24fd33b35"},
    {file = "pillow-11.2.1-cp39-cp39-manylinux_2_28_x86_64.whl", hash = "sha256:2b490402c96f907a166615e9a5afacf2519e28295f157ec3a2bb9bd57de638cb"},
    {file = "pillow-11.2.1-cp39-cp39-musllinux_1_2_aarch64.whl", hash = "sha256:dd6b20b93b3ccc9c1b597999209e4bc5cf2853f9ee66e3fc9a400a78733ffc9a"},
    {file = "pillow-11.2.1-cp39-cp39-musllinux_1_2_x86_64.whl", hash = "sha256:4b835d89c08a6c2ee7781b8dd0a30209a8012b5f09c0a665b65b0eb3560b6f36"},
    {file = "pillow-11.2.1-cp39-cp39-win32.whl", hash = "sha256:b10428b3416d4f9c61f94b494681280be7686bda15898a3a9e08eb66a6d92d67"},
    {file = "pillow-11.2.1-cp39-cp39-win_amd64.whl", hash = "sha256:6ebce70c3f486acf7591a3d73431fa504a4e18a9b97ff27f5f47b7368e4b9dd1"},
    {file = "pillow-11.2.1-cp39-cp39-win_arm64.whl", hash = "sha256:c27476257b2fdcd7872d54cfd119b3a9ce4610fb85c8e32b70b42e3680a29a1e"},
    {file = "pillow-11.2.1-pp310-pypy310_pp73-macosx_10_15_x86_64.whl", hash = "sha256:9b7b0d4fd2635f54ad82785d56bc0d94f147096493a79985d0ab57aedd563156"},
    {file = "pillow-11.2.1-pp310-pypy310_pp73-macosx_11_0_arm64.whl", hash = "sha256:aa442755e31c64037aa7c1cb186e0b369f8416c567381852c63444dd666fb772"},
    {file = "pillow-11.2.1-pp310-pypy310_pp73-manylinux_2_17_aarch64.manylinux2014_aarch64.whl", hash = "sha256:f0d3348c95b766f54b76116d53d4cb171b52992a1027e7ca50c81b43b9d9e363"},
    {file = "pillow-11.2.1-pp310-pypy310_pp73-manylinux_2_17_x86_64.manylinux2014_x86_64.whl", hash = "sha256:85d27ea4c889342f7e35f6d56e7e1cb345632ad592e8c51b693d7b7556043ce0"},
    {file = "pillow-11.2.1-pp310-pypy310_pp73-manylinux_2_28_aarch64.whl", hash = "sha256:bf2c33d6791c598142f00c9c4c7d47f6476731c31081331664eb26d6ab583e01"},
    {file = "pillow-11.2.1-pp310-pypy310_pp73-manylinux_2_28_x86_64.whl", hash = "sha256:e616e7154c37669fc1dfc14584f11e284e05d1c650e1c0f972f281c4ccc53193"},
    {file = "pillow-11.2.1-pp310-pypy310_pp73-win_amd64.whl", hash = "sha256:39ad2e0f424394e3aebc40168845fee52df1394a4673a6ee512d840d14ab3013"},
    {file = "pillow-11.2.1-pp311-pypy311_pp73-macosx_10_15_x86_64.whl", hash = "sha256:80f1df8dbe9572b4b7abdfa17eb5d78dd620b1d55d9e25f834efdbee872d3aed"},
    {file = "pillow-11.2.1-pp311-pypy311_pp73-macosx_11_0_arm64.whl", hash = "sha256:ea926cfbc3957090becbcbbb65ad177161a2ff2ad578b5a6ec9bb1e1cd78753c"},
    {file = "pillow-11.2.1-pp311-pypy311_pp73-manylinux_2_17_aarch64.manylinux2014_aarch64.whl", hash = "sha256:738db0e0941ca0376804d4de6a782c005245264edaa253ffce24e5a15cbdc7bd"},
    {file = "pillow-11.2.1-pp311-pypy311_pp73-manylinux_2_17_x86_64.manylinux2014_x86_64.whl", hash = "sha256:9db98ab6565c69082ec9b0d4e40dd9f6181dab0dd236d26f7a50b8b9bfbd5076"},
    {file = "pillow-11.2.1-pp311-pypy311_pp73-manylinux_2_28_aarch64.whl", hash = "sha256:036e53f4170e270ddb8797d4c590e6dd14d28e15c7da375c18978045f7e6c37b"},
    {file = "pillow-11.2.1-pp311-pypy311_pp73-manylinux_2_28_x86_64.whl", hash = "sha256:14f73f7c291279bd65fda51ee87affd7c1e097709f7fdd0188957a16c264601f"},
    {file = "pillow-11.2.1-pp311-pypy311_pp73-win_amd64.whl", hash = "sha256:208653868d5c9ecc2b327f9b9ef34e0e42a4cdd172c2988fd81d62d2bc9bc044"},
    {file = "pillow-11.2.1.tar.gz", hash = "sha256:a64dd61998416367b7ef979b73d3a85853ba9bec4c2925f74e588879a58716b6"},
]

[package.extras]
docs = ["furo", "olefile", "sphinx (>=8.2)", "sphinx-copybutton", "sphinx-inline-tabs", "sphinxext-opengraph"]
fpx = ["olefile"]
mic = ["olefile"]
test-arrow = ["pyarrow"]
tests = ["check-manifest", "coverage (>=7.4.2)", "defusedxml", "markdown2", "olefile", "packaging", "pyroma", "pytest", "pytest-cov", "pytest-timeout", "trove-classifiers (>=2024.10.12)"]
typing = ["typing-extensions ; python_version < \"3.10\""]
xmp = ["defusedxml"]

[[package]]
name = "protobuf"
version = "5.29.4"
description = ""
optional = false
python-versions = ">=3.8"
groups = ["main"]
files = [
    {file = "protobuf-5.29.4-cp310-abi3-win32.whl", hash = "sha256:13eb236f8eb9ec34e63fc8b1d6efd2777d062fa6aaa68268fb67cf77f6839ad7"},
    {file = "protobuf-5.29.4-cp310-abi3-win_amd64.whl", hash = "sha256:bcefcdf3976233f8a502d265eb65ea740c989bacc6c30a58290ed0e519eb4b8d"},
    {file = "protobuf-5.29.4-cp38-abi3-macosx_10_9_universal2.whl", hash = "sha256:307ecba1d852ec237e9ba668e087326a67564ef83e45a0189a772ede9e854dd0"},
    {file = "protobuf-5.29.4-cp38-abi3-manylinux2014_aarch64.whl", hash = "sha256:aec4962f9ea93c431d5714ed1be1c93f13e1a8618e70035ba2b0564d9e633f2e"},
    {file = "protobuf-5.29.4-cp38-abi3-manylinux2014_x86_64.whl", hash = "sha256:d7d3f7d1d5a66ed4942d4fefb12ac4b14a29028b209d4bfb25c68ae172059922"},
    {file = "protobuf-5.29.4-cp38-cp38-win32.whl", hash = "sha256:1832f0515b62d12d8e6ffc078d7e9eb06969aa6dc13c13e1036e39d73bebc2de"},
    {file = "protobuf-5.29.4-cp38-cp38-win_amd64.whl", hash = "sha256:476cb7b14914c780605a8cf62e38c2a85f8caff2e28a6a0bad827ec7d6c85d68"},
    {file = "protobuf-5.29.4-cp39-cp39-win32.whl", hash = "sha256:fd32223020cb25a2cc100366f1dedc904e2d71d9322403224cdde5fdced0dabe"},
    {file = "protobuf-5.29.4-cp39-cp39-win_amd64.whl", hash = "sha256:678974e1e3a9b975b8bc2447fca458db5f93a2fb6b0c8db46b6675b5b5346812"},
    {file = "protobuf-5.29.4-py3-none-any.whl", hash = "sha256:3fde11b505e1597f71b875ef2fc52062b6a9740e5f7c8997ce878b6009145862"},
    {file = "protobuf-5.29.4.tar.gz", hash = "sha256:4f1dfcd7997b31ef8f53ec82781ff434a28bf71d9102ddde14d076adcfc78c99"},
]

[[package]]
name = "pygments"
version = "2.19.1"
description = "Pygments is a syntax highlighting package written in Python."
optional = false
python-versions = ">=3.8"
groups = ["main"]
files = [
    {file = "pygments-2.19.1-py3-none-any.whl", hash = "sha256:9ea1544ad55cecf4b8242fab6dd35a93bbce657034b0611ee383099054ab6d8c"},
    {file = "pygments-2.19.1.tar.gz", hash = "sha256:61c16d2a8576dc0649d9f39e089b5f02bcd27fba10d8fb4dcc28173f7a45151f"},
]

[package.extras]
windows-terminal = ["colorama (>=0.4.6)"]

[[package]]
name = "pypdfium2"
version = "4.30.1"
description = "Python bindings to PDFium"
optional = false
python-versions = ">=3.6"
groups = ["main"]
files = [
    {file = "pypdfium2-4.30.1-py3-none-macosx_10_13_x86_64.whl", hash = "sha256:e07c47633732cc18d890bb7e965ad28a9c5a932e548acb928596f86be2e5ae37"},
    {file = "pypdfium2-4.30.1-py3-none-macosx_11_0_arm64.whl", hash = "sha256:5ea2d44e96d361123b67b00f527017aa9c847c871b5714e013c01c3eb36a79fe"},
    {file = "pypdfium2-4.30.1-py3-none-manylinux_2_17_aarch64.manylinux2014_aarch64.whl", hash = "sha256:1de7a3a36803171b3f66911131046d65a732f9e7834438191cb58235e6163c4e"},
    {file = "pypdfium2-4.30.1-py3-none-manylinux_2_17_armv7l.manylinux2014_armv7l.whl", hash = "sha256:b8a4231efb13170354f568c722d6540b8d5b476b08825586d48ef70c40d16e03"},
    {file = "pypdfium2-4.30.1-py3-none-manylinux_2_17_i686.manylinux2014_i686.whl", hash = "sha256:6f434a4934e8244aa95343ffcf24e9ad9f120dbb4785f631bb40a88c39292493"},
    {file = "pypdfium2-4.30.1-py3-none-manylinux_2_17_x86_64.manylinux2014_x86_64.whl", hash = "sha256:f454032a0bc7681900170f67d8711b3942824531e765f91c2f5ce7937f999794"},
    {file = "pypdfium2-4.30.1-py3-none-musllinux_1_1_aarch64.whl", hash = "sha256:bbf9130a72370ee9d602e39949b902db669a2a1c24746a91e5586eb829055d9f"},
    {file = "pypdfium2-4.30.1-py3-none-musllinux_1_1_i686.whl", hash = "sha256:5cb52884b1583b96e94fd78542c63bb42e06df5e8f9e52f8f31f5ad5a1e53367"},
    {file = "pypdfium2-4.30.1-py3-none-musllinux_1_1_x86_64.whl", hash = "sha256:1a9e372bd4867ff223cc8c338e33fe11055dad12f22885950fc27646cc8d9122"},
    {file = "pypdfium2-4.30.1-py3-none-win32.whl", hash = "sha256:421f1cf205e213e07c1f2934905779547f4f4a2ff2f59dde29da3d511d3fc806"},
    {file = "pypdfium2-4.30.1-py3-none-win_amd64.whl", hash = "sha256:598a7f20264ab5113853cba6d86c4566e4356cad037d7d1f849c8c9021007e05"},
    {file = "pypdfium2-4.30.1-py3-none-win_arm64.whl", hash = "sha256:c2b6d63f6d425d9416c08d2511822b54b8e3ac38e639fc41164b1d75584b3a8c"},
    {file = "pypdfium2-4.30.1.tar.gz", hash = "sha256:5f5c7c6d03598e107d974f66b220a49436aceb191da34cda5f692be098a814ce"},
]

[[package]]
name = "python-dateutil"
version = "2.9.0.post0"
description = "Extensions to the standard Python datetime module"
optional = false
python-versions = "!=3.0.*,!=3.1.*,!=3.2.*,>=2.7"
groups = ["main"]
files = [
    {file = "python-dateutil-2.9.0.post0.tar.gz", hash = "sha256:37dd54208da7e1cd875388217d5e00ebd4179249f90fb72437e91a35459a0ad3"},
    {file = "python_dateutil-2.9.0.post0-py2.py3-none-any.whl", hash = "sha256:a8b2bc7bffae282281c8140a97d3aa9c14da0b136dfe83f850eea9a5f7470427"},
]

[package.dependencies]
six = ">=1.5"

[[package]]
name = "python-snappy"
version = "0.7.3"
description = "Python library for the snappy compression library from Google"
optional = false
python-versions = "*"
groups = ["main"]
files = [
    {file = "python_snappy-0.7.3-py3-none-any.whl", hash = "sha256:074c0636cfcd97e7251330f428064050ac81a52c62ed884fc2ddebbb60ed7f50"},
    {file = "python_snappy-0.7.3.tar.gz", hash = "sha256:40216c1badfb2d38ac781ecb162a1d0ec40f8ee9747e610bcfefdfa79486cee3"},
]

[package.dependencies]
cramjam = "*"

[[package]]
name = "setuptools"
version = "78.1.1"
description = "Easily download, build, install, upgrade, and uninstall Python packages"
optional = false
python-versions = ">=3.9"
groups = ["main"]
files = [
    {file = "setuptools-78.1.1-py3-none-any.whl", hash = "sha256:c3a9c4211ff4c309edb8b8c4f1cbfa7ae324c4ba9f91ff254e3d305b9fd54561"},
    {file = "setuptools-78.1.1.tar.gz", hash = "sha256:fcc17fd9cd898242f6b4adfaca46137a9edef687f43e6f78469692a5e70d851d"},
]

[package.extras]
check = ["pytest-checkdocs (>=2.4)", "pytest-ruff (>=0.2.1) ; sys_platform != \"cygwin\"", "ruff (>=0.8.0) ; sys_platform != \"cygwin\""]
core = ["importlib_metadata (>=6) ; python_version < \"3.10\"", "jaraco.functools (>=4)", "jaraco.text (>=3.7)", "more_itertools", "more_itertools (>=8.8)", "packaging (>=24.2)", "platformdirs (>=4.2.2)", "tomli (>=2.0.1) ; python_version < \"3.11\"", "wheel (>=0.43.0)"]
cover = ["pytest-cov"]
doc = ["furo", "jaraco.packaging (>=9.3)", "jaraco.tidelift (>=1.4)", "pygments-github-lexers (==0.0.5)", "pyproject-hooks (!=1.1)", "rst.linker (>=1.9)", "sphinx (>=3.5)", "sphinx-favicon", "sphinx-inline-tabs", "sphinx-lint", "sphinx-notfound-page (>=1,<2)", "sphinx-reredirects", "sphinxcontrib-towncrier", "towncrier (<24.7)"]
enabler = ["pytest-enabler (>=2.2)"]
test = ["build[virtualenv] (>=1.0.3)", "filelock (>=3.4.0)", "ini2toml[lite] (>=0.14)", "jaraco.develop (>=7.21) ; python_version >= \"3.9\" and sys_platform != \"cygwin\"", "jaraco.envs (>=2.2)", "jaraco.path (>=3.7.2)", "jaraco.test (>=5.5)", "packaging (>=24.2)", "pip (>=19.1)", "pyproject-hooks (!=1.1)", "pytest (>=6,!=8.1.*)", "pytest-home (>=0.5)", "pytest-perf ; sys_platform != \"cygwin\"", "pytest-subprocess", "pytest-timeout", "pytest-xdist (>=3)", "tomli-w (>=1.0.0)", "virtualenv (>=13.0.0)", "wheel (>=0.44.0)"]
type = ["importlib_metadata (>=7.0.2) ; python_version < \"3.10\"", "jaraco.develop (>=7.21) ; sys_platform != \"cygwin\"", "mypy (==1.14.*)", "pytest-mypy"]

[[package]]
name = "sigfig"
version = "1.3.19"
description = "Python library for rounding numbers (with expected results)"
optional = false
python-versions = "<4.0,>=3.8"
groups = ["main"]
files = [
    {file = "sigfig-1.3.19-py3-none-any.whl", hash = "sha256:7bde0715e1a0cddb93c3ed3b9f8f20bf4cc77bbb47c570fe6fbd7b43aa6fd56c"},
    {file = "sigfig-1.3.19.tar.gz", hash = "sha256:a9e4fa37aa7595cc01b7207bfabf86cccd2d3edfddcdaa925ffd57dd77efcd9e"},
]

[package.dependencies]
sortedcontainers = ">=2.4.0,<3.0.0"

[[package]]
name = "six"
version = "1.17.0"
description = "Python 2 and 3 compatibility utilities"
optional = false
python-versions = "!=3.0.*,!=3.1.*,!=3.2.*,>=2.7"
groups = ["main"]
files = [
    {file = "six-1.17.0-py2.py3-none-any.whl", hash = "sha256:4721f391ed90541fddacab5acf947aa0d3dc7d27b2e1e8eda2be8970586c3274"},
    {file = "six-1.17.0.tar.gz", hash = "sha256:ff70335d468e7eb6ec65b95b99d3a2836546063f63acc5171de367e834932a81"},
]

[[package]]
name = "sortedcontainers"
version = "2.4.0"
description = "Sorted Containers -- Sorted List, Sorted Dict, Sorted Set"
optional = false
python-versions = "*"
groups = ["main"]
files = [
    {file = "sortedcontainers-2.4.0-py2.py3-none-any.whl", hash = "sha256:a163dcaede0f1c021485e957a39245190e74249897e2ae4b2aa38595db237ee0"},
    {file = "sortedcontainers-2.4.0.tar.gz", hash = "sha256:25caa5a06cc30b6b83d11423433f65d1f9d76c4c6a0c90e3379eaa43b9bfdb88"},
]

[[package]]
name = "types-pillow"
version = "10.2.0.20240822"
description = "Typing stubs for Pillow"
optional = false
python-versions = ">=3.8"
groups = ["dev"]
files = [
    {file = "types-Pillow-10.2.0.20240822.tar.gz", hash = "sha256:559fb52a2ef991c326e4a0d20accb3bb63a7ba8d40eb493e0ecb0310ba52f0d3"},
    {file = "types_Pillow-10.2.0.20240822-py3-none-any.whl", hash = "sha256:d9dab025aba07aeb12fd50a6799d4eac52a9603488eca09d7662543983f16c5d"},
]

[[package]]
name = "typing-extensions"
version = "4.12.2"
description = "Backported and Experimental Type Hints for Python 3.8+"
optional = false
python-versions = ">=3.8"
groups = ["main", "dev"]
files = [
    {file = "typing_extensions-4.12.2-py3-none-any.whl", hash = "sha256:04e5ca0351e0f3f85c6853954072df659d0d13fac324d0072316b67d7794700d"},
    {file = "typing_extensions-4.12.2.tar.gz", hash = "sha256:1a7ead55c7e559dd4dee8856e3a88b41225abfe1ce8df57b7c13915fe121ffb8"},
]

[[package]]
name = "wcwidth"
version = "0.2.13"
description = "Measures the displayed width of unicode strings in a terminal"
optional = false
python-versions = "*"
groups = ["main"]
files = [
    {file = "wcwidth-0.2.13-py2.py3-none-any.whl", hash = "sha256:3da69048e4540d84af32131829ff948f1e022c1c6bdb8d6102117aac784f6859"},
    {file = "wcwidth-0.2.13.tar.gz", hash = "sha256:72ea0c06399eb286d978fdedb6923a9eb47e1c486ce63e9b4e64fc18303972b5"},
]

[metadata]
lock-version = "2.1"
python-versions = "^3.11"
content-hash = "0172d3d0a798067e9f1ff55d9020d99390d449c15b71e3be0a0b11aef86afa03"
